
Microsoft Visual Studio Solution File, Format Version 12.00
# Visual Studio Version 16
VisualStudioVersion = 25.0.1705.1
MinimumVisualStudioVersion = 10.0.40219.1
Project("{FAE04EC0-301F-11D3-BF4B-00C04F79EFBC}") = "bowling-game", "bowling-game.csproj", "{969A1222-0551-42E2-AF7B-26F93E3E51F8}"
EndProject
Global
	GlobalSection(SolutionConfigurationPlatforms) = preSolution
		Debug|Any CPU = Debug|Any CPU
		Release|Any CPU = Release|Any CPU
	EndGlobalSection
	GlobalSection(ProjectConfigurationPlatforms) = postSolution
		{969A1222-0551-42E2-AF7B-26F93E3E51F8}.Debug|Any CPU.ActiveCfg = Debug|Any CPU
		{969A1222-0551-42E2-AF7B-26F93E3E51F8}.Debug|Any CPU.Build.0 = Debug|Any CPU
		{969A1222-0551-42E2-AF7B-26F93E3E51F8}.Release|Any CPU.ActiveCfg = Release|Any CPU
		{969A1222-0551-42E2-AF7B-26F93E3E51F8}.Release|Any CPU.Build.0 = Release|Any CPU
	EndGlobalSection
	GlobalSection(SolutionProperties) = preSolution
		HideSolutionNode = FALSE
	EndGlobalSection
	GlobalSection(ExtensibilityGlobals) = postSolution
		SolutionGuid = {42BF33C9-7050-45E8-B72E-F3D2CCA9BF90}
	EndGlobalSection
EndGlobal
