
Microsoft Visual Studio Solution File, Format Version 12.00
# Visual Studio 2012
Project("{FAE04EC0-301F-11D3-BF4B-00C04F79EFBC}") = "BowlingGame.Tests", "BowlingGame.Tests\BowlingGame.Tests.csproj", "{AD37B38D-3EF9-4BD5-8224-004FDD3331B0}"
EndProject
Project("{FAE04EC0-301F-11D3-BF4B-00C04F79EFBC}") = "BowlingGame.Core", "BowlingGame.Core\BowlingGame.Core.csproj", "{123E317E-473A-4306-A44A-638FF2461533}"
EndProject
Global
	GlobalSection(SolutionConfigurationPlatforms) = preSolution
		Debug|Any CPU = Debug|Any CPU
		Release|Any CPU = Release|Any CPU
	EndGlobalSection
	GlobalSection(ProjectConfigurationPlatforms) = postSolution
		{AD37B38D-3EF9-4BD5-8224-004FDD3331B0}.Debug|Any CPU.ActiveCfg = Debug|Any CPU
		{AD37B38D-3EF9-4BD5-8224-004FDD3331B0}.Debug|Any CPU.Build.0 = Debug|Any CPU
		{AD37B38D-3EF9-4BD5-8224-004FDD3331B0}.Release|Any CPU.ActiveCfg = Release|Any CPU
		{AD37B38D-3EF9-4BD5-8224-004FDD3331B0}.Release|Any CPU.Build.0 = Release|Any CPU
		{123E317E-473A-4306-A44A-638FF2461533}.Debug|Any CPU.ActiveCfg = Debug|Any CPU
		{123E317E-473A-4306-A44A-638FF2461533}.Debug|Any CPU.Build.0 = Debug|Any CPU
		{123E317E-473A-4306-A44A-638FF2461533}.Release|Any CPU.ActiveCfg = Release|Any CPU
		{123E317E-473A-4306-A44A-638FF2461533}.Release|Any CPU.Build.0 = Release|Any CPU
	EndGlobalSection
	GlobalSection(SolutionProperties) = preSolution
		HideSolutionNode = FALSE
	EndGlobalSection
EndGlobal
