
Microsoft Visual Studio Solution File, Format Version 11.00
# Visual Studio 2010
Project("{FAE04EC0-301F-11D3-BF4B-00C04F79EFBC}") = "robocode1", "robocode1\robocode1.csproj", "{07A1F78D-A3A2-4FD5-9BF7-10F2C81CE766}"
EndProject
Project("{F2A71F9B-5D33-465A-A702-920D77279786}") = "robocode_fsharp", "robocode_fsharp\robocode_fsharp.fsproj", "{AB0F9DD9-6D61-453C-B481-2A548C604A4F}"
EndProject
Global
	GlobalSection(SolutionConfigurationPlatforms) = preSolution
		Debug|Any CPU = Debug|Any CPU
		Release|Any CPU = Release|Any CPU
	EndGlobalSection
	GlobalSection(ProjectConfigurationPlatforms) = postSolution
		{07A1F78D-A3A2-4FD5-9BF7-10F2C81CE766}.Debug|Any CPU.ActiveCfg = Debug|Any CPU
		{07A1F78D-A3A2-4FD5-9BF7-10F2C81CE766}.Debug|Any CPU.Build.0 = Debug|Any CPU
		{07A1F78D-A3A2-4FD5-9BF7-10F2C81CE766}.Release|Any CPU.ActiveCfg = Release|Any CPU
		{07A1F78D-A3A2-4FD5-9BF7-10F2C81CE766}.Release|Any CPU.Build.0 = Release|Any CPU
		{AB0F9DD9-6D61-453C-B481-2A548C604A4F}.Debug|Any CPU.ActiveCfg = Debug|Any CPU
		{AB0F9DD9-6D61-453C-B481-2A548C604A4F}.Debug|Any CPU.Build.0 = Debug|Any CPU
		{AB0F9DD9-6D61-453C-B481-2A548C604A4F}.Release|Any CPU.ActiveCfg = Release|Any CPU
		{AB0F9DD9-6D61-453C-B481-2A548C604A4F}.Release|Any CPU.Build.0 = Release|Any CPU
	EndGlobalSection
	GlobalSection(SolutionProperties) = preSolution
		HideSolutionNode = FALSE
	EndGlobalSection
EndGlobal
