
Microsoft Visual Studio Solution File, Format Version 12.00
# Visual Studio 2012
Project("{FAE04EC0-301F-11D3-BF4B-00C04F79EFBC}") = "BowlingGameKata", "BowlingGameKata.csproj", "{856C3E7E-B6D6-47E2-8CA8-A92E1D683A01}"
EndProject
Global
	GlobalSection(SolutionConfigurationPlatforms) = preSolution
		Debug|Any CPU = Debug|Any CPU
		Release|Any CPU = Release|Any CPU
	EndGlobalSection
	GlobalSection(ProjectConfigurationPlatforms) = postSolution
		{856C3E7E-B6D6-47E2-8CA8-A92E1D683A01}.Debug|Any CPU.ActiveCfg = Debug|Any CPU
		{856C3E7E-B6D6-47E2-8CA8-A92E1D683A01}.Debug|Any CPU.Build.0 = Debug|Any CPU
		{856C3E7E-B6D6-47E2-8CA8-A92E1D683A01}.Release|Any CPU.ActiveCfg = Release|Any CPU
		{856C3E7E-B6D6-47E2-8CA8-A92E1D683A01}.Release|Any CPU.Build.0 = Release|Any CPU
	EndGlobalSection
	GlobalSection(SolutionProperties) = preSolution
		HideSolutionNode = FALSE
	EndGlobalSection
EndGlobal
