
Microsoft Visual Studio Solution File, Format Version 12.00
# Visual Studio 2012
Project("{FAE04EC0-301F-11D3-BF4B-00C04F79EFBC}") = "csharp-xunit", "csharp-xunit\csharp-xunit.csproj", "{BAD633E3-D5A2-414F-823F-595D2ED82DAF}"
EndProject
Global
	GlobalSection(SolutionConfigurationPlatforms) = preSolution
		Debug|Any CPU = Debug|Any CPU
		Release|Any CPU = Release|Any CPU
	EndGlobalSection
	GlobalSection(ProjectConfigurationPlatforms) = postSolution
		{BAD633E3-D5A2-414F-823F-595D2ED82DAF}.Debug|Any CPU.ActiveCfg = Debug|Any CPU
		{BAD633E3-D5A2-414F-823F-595D2ED82DAF}.Debug|Any CPU.Build.0 = Debug|Any CPU
		{BAD633E3-D5A2-414F-823F-595D2ED82DAF}.Release|Any CPU.ActiveCfg = Release|Any CPU
		{BAD633E3-D5A2-414F-823F-595D2ED82DAF}.Release|Any CPU.Build.0 = Release|Any CPU
	EndGlobalSection
EndGlobal
